github.com/coder/websocket v1.8.14 h1:9L0p0iKiNOibykf283eHkKUHHrpG7f65OE3BhhO7v9g=
github.com/coder/websocket v1.8.14/go.mod h1:NX3SzP+inril6yawo5CQXx8+fk145lPDC6pumgx0mVg=
github.com/cplieger/metrics v1.0.1 h1:R6uV8UDnsMB+XMuQsKnzVyVb47a1mSGqgZMmgwTSbJ4=
github.com/cplieger/metrics v1.0.1/go.mod h1:Q+d/UoGECpuuyJ2runs5dU+H8p5ZVI+EwcjQtVZReaM=
github.com/cplieger/vterm v1.0.0 h1:lduitClXSBm+wbbtqsbhcUHiDpfSz80y5LKjUIhusgs=
github.com/cplieger/vterm v1.0.0/go.mod h1:EGWAJMGcw/SymtElxZdwMgDO4ugiZUhZGauuYv44pE8=
github.com/cplieger/vterm v1.0.5 h1:Y1xg901zRaZHntGpJTt8owkahkc3kOUQ+bfN8eFHyRM=
github.com/cplieger/vterm v1.0.5/go.mod h1:EGWAJMGcw/SymtElxZdwMgDO4ugiZUhZGauuYv44pE8=
github.com/cplieger/vterm v1.0.6 h1:L2PaXjdRcoSIezzrPNWg2iIzX02musgRis82MLU5Zsg=
github.com/cplieger/vterm v1.0.6/go.mod h1:EGWAJMGcw/SymtElxZdwMgDO4ugiZUhZGauuYv44pE8=
github.com/cplieger/vterm v1.0.7 h1:Q2ctlY/zmIaiKQ8hT7enF+0Y+F3XevAb5kZwqrstjqQ=
github.com/cplieger/vterm v1.0.7/go.mod h1:EGWAJMGcw/SymtElxZdwMgDO4ugiZUhZGauuYv44pE8=
github.com/cplieger/vterm v1.0.8 h1:DRF470ymo7+PIizawMYTcuCzGxMHkQIX5N15dDGT0qA=
github.com/cplieger/vterm v1.0.8/go.mod h1:EGWAJMGcw/SymtElxZdwMgDO4ugiZUhZGauuYv44pE8=
github.com/creack/pty v1.1.24 h1:bJrF4RRfyJnbTJqzRLHzcGaZK1NeM5kTC9jGgovnR1s=
github.com/creack/pty v1.1.24/go.mod h1:08sCNb52WyoAwi2QDyzUCTgcvVFhUzewun7wtTfvcwE=
