github.com/coder/websocket v1.8.14 h1:9L0p0iKiNOibykf283eHkKUHHrpG7f65OE3BhhO7v9g=
github.com/coder/websocket v1.8.14/go.mod h1:NX3SzP+inril6yawo5CQXx8+fk145lPDC6pumgx0mVg=
github.com/cplieger/metrics v1.0.0 h1:xPM4O19+K8hBM4+RY/x7V2Qm+4kpbEnykBDM3/pg4+w=
github.com/cplieger/metrics v1.0.0/go.mod h1:Q+d/UoGECpuuyJ2runs5dU+H8p5ZVI+EwcjQtVZReaM=
github.com/creack/pty v1.1.24 h1:bJrF4RRfyJnbTJqzRLHzcGaZK1NeM5kTC9jGgovnR1s=
github.com/creack/pty v1.1.24/go.mod h1:08sCNb52WyoAwi2QDyzUCTgcvVFhUzewun7wtTfvcwE=
