github.com/coder/websocket v1.8.15 h1:6B2JPeOGlpff2Uz6vOEH1Vzpi0iUz20A+lPVhPHtNUA=
github.com/coder/websocket v1.8.15/go.mod h1:NX3SzP+inril6yawo5CQXx8+fk145lPDC6pumgx0mVg=
github.com/cplieger/atomicfile/v2 v2.2.0 h1:JY8wEZ+DmcenfuaVvHOaCZJdVbwpSr6z4wT5y278FCM=
github.com/cplieger/atomicfile/v2 v2.2.0/go.mod h1:jgwJ7oU3qahL4NwiF+1iBIzPRpR8LwXnicSalGoJeVA=
github.com/cplieger/envx v1.1.0 h1:BwA+KmddeF0dWGqY0FGi1cv9SyKyP949sA05RfmCJ+c=
github.com/cplieger/envx v1.1.0/go.mod h1:B9SEh2sZ3aP10PXELMEgIYfAO3qwP8uzuIL7BGfGlxQ=
github.com/cplieger/httpx/v3 v3.0.0 h1:9bXuJaKzJWO0fjCAPsJG7YsbgATdycozDkYZ2wXUhbc=
github.com/cplieger/httpx/v3 v3.0.0/go.mod h1:aITrLHd0nPnJ5+Gu76xhRyOChC0KZEBCwslCELPHk+s=
github.com/cplieger/slogx v1.2.0 h1:z9+DdEsg0JHMv9LJK5pz82Iw1Q/Qfjrrc0dVFH5gmKg=
github.com/cplieger/slogx v1.2.0/go.mod h1:15KA2NVx725imQe/PYXUmd3oM2oMpYpqwU+hdHtz7Fc=
github.com/cplieger/ssrf/v3 v3.0.0 h1:wIrJ6rDkuMvsNqGQ1J25iTnn/xFxLD2fEwOsdiwNrYA=
github.com/cplieger/ssrf/v3 v3.0.0/go.mod h1:887QK6H7IDoYavU5I/0K/0rFRX29bTfP9SeS1x75tls=
github.com/cplieger/toolbelt/v2 v2.0.0 h1:Ue95p2x1ylYUo3Gt7m9tnp0A3+tZ3RU1Y7qzbquhJrY=
github.com/cplieger/toolbelt/v2 v2.0.0/go.mod h1:miHMItV9zluiMXKg6tHu30jyxUxoHbOz3RMyyT01NqQ=
github.com/cplieger/web-terminal-engine/v2 v2.8.0 h1:eivkkVRJKa7tBw+yz1864qUrL6im1atJuSn52W3QweM=
github.com/cplieger/web-terminal-engine/v2 v2.8.0/go.mod h1:iaWoFiwkDgOrfwCdQoIiaXECFdxmPmjPA+LqUqL6ZfI=
github.com/cplieger/webhttp v1.9.0 h1:CucYBDjIK3K0xolqu6bI8etUtMwiBtC+K53xYXUfVqE=
github.com/cplieger/webhttp v1.9.0/go.mod h1:RYtweYFUohqE5DIOt06Ypr0j9VHXjxSPBLIG3vM0H44=
github.com/creack/pty v1.1.24 h1:bJrF4RRfyJnbTJqzRLHzcGaZK1NeM5kTC9jGgovnR1s=
github.com/creack/pty v1.1.24/go.mod h1:08sCNb52WyoAwi2QDyzUCTgcvVFhUzewun7wtTfvcwE=
github.com/expr-lang/expr v1.17.8 h1:W1loDTT+0PQf5YteHSTpju2qfUfNoBt4yw9+wOEU9VM=
github.com/expr-lang/expr v1.17.8/go.mod h1:8/vRC7+7HBzESEqt5kKpYXxrxkr31SaO8r40VO/1IT4=
github.com/hashicorp/go-version v1.9.0 h1:CeOIz6k+LoN3qX9Z0tyQrPtiB1DFYRPfCIBtaXPSCnA=
github.com/hashicorp/go-version v1.9.0/go.mod h1:fltr4n8CU8Ke44wwGCBoEymUuxUHl09ZGVZPK5anwXA=
golang.org/x/mod v0.38.0 h1:MECBjubtXD7yj4HrhIUcywNaGeNVUdfVnxmPajOk4yk=
golang.org/x/mod v0.38.0/go.mod h1:V6Xz0pq8TQ3dGqVQ1FVHuelZpAL0uNhSkk9ogYP3c40=
pgregory.net/rapid v1.3.0 h1:vBvO0VSqti75J1jjYqpgPNBLKMd1+gxa9fYo7vk/Exc=
pgregory.net/rapid v1.3.0/go.mod h1:dPlE4OBBxgXPqkP79flB6sJL1dx5azpI7HQ9MY9Z7uk=
